
Microsoft Visual Studio Solution File, Format Version 12.00
# Visual Studio Version 17
VisualStudioVersion = 17.11.35312.102
MinimumVisualStudioVersion = 10.0.40219.1
Project("{FAE04EC0-301F-11D3-BF4B-00C04F79EFBC}") = "Servidor", "Servidor\Servidor.csproj", "{90FDE001-C994-4B06-8D81-4F7A776D432E}"
EndProject
Global
	GlobalSection(SolutionConfigurationPlatforms) = preSolution
		Debug|Any CPU = Debug|Any CPU
		Release|Any CPU = Release|Any CPU
	EndGlobalSection
	GlobalSection(ProjectConfigurationPlatforms) = postSolution
		{90FDE001-C994-4B06-8D81-4F7A776D432E}.Debug|Any CPU.ActiveCfg = Debug|Any CPU
		{90FDE001-C994-4B06-8D81-4F7A776D432E}.Debug|Any CPU.Build.0 = Debug|Any CPU
		{90FDE001-C994-4B06-8D81-4F7A776D432E}.Release|Any CPU.ActiveCfg = Release|Any CPU
		{90FDE001-C994-4B06-8D81-4F7A776D432E}.Release|Any CPU.Build.0 = Release|Any CPU
	EndGlobalSection
	GlobalSection(SolutionProperties) = preSolution
		HideSolutionNode = FALSE
	EndGlobalSection
	GlobalSection(ExtensibilityGlobals) = postSolution
		SolutionGuid = {6767343B-C1A7-4A3A-BE83-AB0ADC72029E}
	EndGlobalSection
EndGlobal
